
Microsoft Visual Studio Solution File, Format Version 12.00
# Visual Studio Version 17
VisualStudioVersion = 17.11.35327.3
MinimumVisualStudioVersion = 10.0.40219.1
Project("{FAE04EC0-301F-11D3-BF4B-00C04F79EFBC}") = "StudentInformation", "StudentInformation.csproj", "{1D11B90C-9FEE-4CDA-9DF6-1855CDB94FFB}"
EndProject
Global
	GlobalSection(SolutionConfigurationPlatforms) = preSolution
		Debug|Any CPU = Debug|Any CPU
		Release|Any CPU = Release|Any CPU
	EndGlobalSection
	GlobalSection(ProjectConfigurationPlatforms) = postSolution
		{1D11B90C-9FEE-4CDA-9DF6-1855CDB94FFB}.Debug|Any CPU.ActiveCfg = Debug|Any CPU
		{1D11B90C-9FEE-4CDA-9DF6-1855CDB94FFB}.Debug|Any CPU.Build.0 = Debug|Any CPU
		{1D11B90C-9FEE-4CDA-9DF6-1855CDB94FFB}.Release|Any CPU.ActiveCfg = Release|Any CPU
		{1D11B90C-9FEE-4CDA-9DF6-1855CDB94FFB}.Release|Any CPU.Build.0 = Release|Any CPU
	EndGlobalSection
	GlobalSection(SolutionProperties) = preSolution
		HideSolutionNode = FALSE
	EndGlobalSection
	GlobalSection(ExtensibilityGlobals) = postSolution
		SolutionGuid = {0647C860-EDD0-4766-810D-F389E38ECDA4}
	EndGlobalSection
EndGlobal
